
Microsoft Visual Studio Solution File, Format Version 12.00
# Visual Studio Version 16
VisualStudioVersion = 16.0.30128.36
MinimumVisualStudioVersion = 10.0.40219.1
Project("{FAE04EC0-301F-11D3-BF4B-00C04F79EFBC}") = "MyTradingApp", "MyTradingApp\MyTradingApp.csproj", "{20319150-B914-490F-9066-39FCD3D82174}"
EndProject
Project("{FAE04EC0-301F-11D3-BF4B-00C04F79EFBC}") = "CSharpAPI", "MyTradingApp\client\CSharpAPI.csproj", "{8EDE0744-96C2-40B0-A8DC-37DF79370203}"
EndProject
Global
	GlobalSection(SolutionConfigurationPlatforms) = preSolution
		Debug|Any CPU = Debug|Any CPU
		Release|Any CPU = Release|Any CPU
	EndGlobalSection
	GlobalSection(ProjectConfigurationPlatforms) = postSolution
		{20319150-B914-490F-9066-39FCD3D82174}.Debug|Any CPU.ActiveCfg = Debug|Any CPU
		{20319150-B914-490F-9066-39FCD3D82174}.Debug|Any CPU.Build.0 = Debug|Any CPU
		{20319150-B914-490F-9066-39FCD3D82174}.Release|Any CPU.ActiveCfg = Release|Any CPU
		{20319150-B914-490F-9066-39FCD3D82174}.Release|Any CPU.Build.0 = Release|Any CPU
		{8EDE0744-96C2-40B0-A8DC-37DF79370203}.Debug|Any CPU.ActiveCfg = Debug|Any CPU
		{8EDE0744-96C2-40B0-A8DC-37DF79370203}.Debug|Any CPU.Build.0 = Debug|Any CPU
		{8EDE0744-96C2-40B0-A8DC-37DF79370203}.Release|Any CPU.ActiveCfg = Release|Any CPU
		{8EDE0744-96C2-40B0-A8DC-37DF79370203}.Release|Any CPU.Build.0 = Release|Any CPU
	EndGlobalSection
	GlobalSection(SolutionProperties) = preSolution
		HideSolutionNode = FALSE
	EndGlobalSection
	GlobalSection(ExtensibilityGlobals) = postSolution
		SolutionGuid = {E8DE974A-A9D8-469E-95CC-964172974504}
	EndGlobalSection
EndGlobal
